
Microsoft Visual Studio Solution File, Format Version 12.00
# Visual Studio Version 17
VisualStudioVersion = 17.14.37203.1
MinimumVisualStudioVersion = 10.0.40219.1
Project("{FAE04EC0-301F-11D3-BF4B-00C04F79EFBC}") = "Desktop", "Desktop\Desktop.csproj", "{244CC04E-9AB3-48CC-B562-2306E5E34637}"
EndProject
Project("{2150E333-8FDC-42A3-9474-1A3956D46DE8}") = "Elementos de la solución", "Elementos de la solución", "{D107F4C8-89CC-BEA8-D3D7-CA6B7733353D}"
	ProjectSection(SolutionItems) = preProject
		.github\copilot-instructions.md = .github\copilot-instructions.md
	EndProjectSection
EndProject
Project("{FAE04EC0-301F-11D3-BF4B-00C04F79EFBC}") = "WebApp", "WebApp\WebApp\WebApp.csproj", "{B58BB230-F92F-4142-B2FC-16B9FC5DF416}"
EndProject
Project("{FAE04EC0-301F-11D3-BF4B-00C04F79EFBC}") = "WebApp.Client", "WebApp\WebApp.Client\WebApp.Client.csproj", "{0731D726-6AF8-46F0-880A-50CEFD215F07}"
EndProject
Project("{FAE04EC0-301F-11D3-BF4B-00C04F79EFBC}") = "AppMovil", "AppMovil\AppMovil.csproj", "{2AA0B444-543D-42D6-A6E7-71916B594CFE}"
EndProject
Project("{FAE04EC0-301F-11D3-BF4B-00C04F79EFBC}") = "Consola", "Consola\Consola.csproj", "{8223F0B3-BB2D-42BA-ABBF-D36492C00F4C}"
EndProject
Global
	GlobalSection(SolutionConfigurationPlatforms) = preSolution
		Debug|Any CPU = Debug|Any CPU
		Release|Any CPU = Release|Any CPU
	EndGlobalSection
	GlobalSection(ProjectConfigurationPlatforms) = postSolution
		{244CC04E-9AB3-48CC-B562-2306E5E34637}.Debug|Any CPU.ActiveCfg = Debug|Any CPU
		{244CC04E-9AB3-48CC-B562-2306E5E34637}.Debug|Any CPU.Build.0 = Debug|Any CPU
		{244CC04E-9AB3-48CC-B562-2306E5E34637}.Release|Any CPU.ActiveCfg = Release|Any CPU
		{244CC04E-9AB3-48CC-B562-2306E5E34637}.Release|Any CPU.Build.0 = Release|Any CPU
		{B58BB230-F92F-4142-B2FC-16B9FC5DF416}.Debug|Any CPU.ActiveCfg = Debug|Any CPU
		{B58BB230-F92F-4142-B2FC-16B9FC5DF416}.Debug|Any CPU.Build.0 = Debug|Any CPU
		{B58BB230-F92F-4142-B2FC-16B9FC5DF416}.Release|Any CPU.ActiveCfg = Release|Any CPU
		{B58BB230-F92F-4142-B2FC-16B9FC5DF416}.Release|Any CPU.Build.0 = Release|Any CPU
		{0731D726-6AF8-46F0-880A-50CEFD215F07}.Debug|Any CPU.ActiveCfg = Debug|Any CPU
		{0731D726-6AF8-46F0-880A-50CEFD215F07}.Debug|Any CPU.Build.0 = Debug|Any CPU
		{0731D726-6AF8-46F0-880A-50CEFD215F07}.Release|Any CPU.ActiveCfg = Release|Any CPU
		{0731D726-6AF8-46F0-880A-50CEFD215F07}.Release|Any CPU.Build.0 = Release|Any CPU
		{2AA0B444-543D-42D6-A6E7-71916B594CFE}.Debug|Any CPU.ActiveCfg = Debug|Any CPU
		{2AA0B444-543D-42D6-A6E7-71916B594CFE}.Debug|Any CPU.Build.0 = Debug|Any CPU
		{2AA0B444-543D-42D6-A6E7-71916B594CFE}.Release|Any CPU.ActiveCfg = Release|Any CPU
		{2AA0B444-543D-42D6-A6E7-71916B594CFE}.Release|Any CPU.Build.0 = Release|Any CPU
		{8223F0B3-BB2D-42BA-ABBF-D36492C00F4C}.Debug|Any CPU.ActiveCfg = Debug|Any CPU
		{8223F0B3-BB2D-42BA-ABBF-D36492C00F4C}.Debug|Any CPU.Build.0 = Debug|Any CPU
		{8223F0B3-BB2D-42BA-ABBF-D36492C00F4C}.Release|Any CPU.ActiveCfg = Release|Any CPU
		{8223F0B3-BB2D-42BA-ABBF-D36492C00F4C}.Release|Any CPU.Build.0 = Release|Any CPU
	EndGlobalSection
	GlobalSection(SolutionProperties) = preSolution
		HideSolutionNode = FALSE
	EndGlobalSection
	GlobalSection(ExtensibilityGlobals) = postSolution
		SolutionGuid = {C3718E35-C5BC-478C-9EF2-3C62C94FAE7A}
	EndGlobalSection
EndGlobal
